
Microsoft Visual Studio Solution File, Format Version 12.00
# Visual Studio Version 16
VisualStudioVersion = 16.0.30907.101
MinimumVisualStudioVersion = 10.0.40219.1
Project("{FAE04EC0-301F-11D3-BF4B-00C04F79EFBC}") = "Antioquia_Hospitals", "Antioquia_Hospitals\Antioquia_Hospitals.csproj", "{44CD9948-612A-4550-9F1A-C094219FC397}"
EndProject
Global
	GlobalSection(SolutionConfigurationPlatforms) = preSolution
		Debug|Any CPU = Debug|Any CPU
		Play|Any CPU = Play|Any CPU
		Release|Any CPU = Release|Any CPU
	EndGlobalSection
	GlobalSection(ProjectConfigurationPlatforms) = postSolution
		{44CD9948-612A-4550-9F1A-C094219FC397}.Debug|Any CPU.ActiveCfg = Debug|Any CPU
		{44CD9948-612A-4550-9F1A-C094219FC397}.Debug|Any CPU.Build.0 = Debug|Any CPU
		{44CD9948-612A-4550-9F1A-C094219FC397}.Play|Any CPU.ActiveCfg = Play|Any CPU
		{44CD9948-612A-4550-9F1A-C094219FC397}.Play|Any CPU.Build.0 = Play|Any CPU
		{44CD9948-612A-4550-9F1A-C094219FC397}.Release|Any CPU.ActiveCfg = Release|Any CPU
		{44CD9948-612A-4550-9F1A-C094219FC397}.Release|Any CPU.Build.0 = Release|Any CPU
	EndGlobalSection
	GlobalSection(SolutionProperties) = preSolution
		HideSolutionNode = FALSE
	EndGlobalSection
	GlobalSection(ExtensibilityGlobals) = postSolution
		SolutionGuid = {1818D04F-C38E-4BE5-A66D-0AE25CDD2D26}
	EndGlobalSection
EndGlobal
