
Microsoft Visual Studio Solution File, Format Version 12.00
# Visual Studio Version 16
VisualStudioVersion = 16.0.30907.101
MinimumVisualStudioVersion = 10.0.40219.1
Project("{FAE04EC0-301F-11D3-BF4B-00C04F79EFBC}") = "Antioquia Hospitals", "Antioquia Hospitals\Antioquia Hospitals.csproj", "{1A0B4823-C8BD-496E-AEB5-647D58F52E6A}"
EndProject
Global
	GlobalSection(SolutionConfigurationPlatforms) = preSolution
		Debug|Any CPU = Debug|Any CPU
		Release|Any CPU = Release|Any CPU
	EndGlobalSection
	GlobalSection(ProjectConfigurationPlatforms) = postSolution
		{1A0B4823-C8BD-496E-AEB5-647D58F52E6A}.Debug|Any CPU.ActiveCfg = Debug|Any CPU
		{1A0B4823-C8BD-496E-AEB5-647D58F52E6A}.Debug|Any CPU.Build.0 = Debug|Any CPU
		{1A0B4823-C8BD-496E-AEB5-647D58F52E6A}.Release|Any CPU.ActiveCfg = Release|Any CPU
		{1A0B4823-C8BD-496E-AEB5-647D58F52E6A}.Release|Any CPU.Build.0 = Release|Any CPU
	EndGlobalSection
	GlobalSection(SolutionProperties) = preSolution
		HideSolutionNode = FALSE
	EndGlobalSection
	GlobalSection(ExtensibilityGlobals) = postSolution
		SolutionGuid = {09C0779D-193B-49C2-9C7C-B6005C1AC66D}
	EndGlobalSection
EndGlobal
